
Microsoft Visual Studio Solution File, Format Version 12.00
# Visual Studio Version 17
VisualStudioVersion = 17.11.35312.102
MinimumVisualStudioVersion = 10.0.40219.1
Project("{2150E333-8FDC-42A3-9474-1A3956D46DE8}") = "src", "src", "{FC769FFD-A214-4742-8C8E-338CD986CBB4}"
EndProject
Project("{2150E333-8FDC-42A3-9474-1A3956D46DE8}") = "tests", "tests", "{E93AC8BB-D606-410A-AAEB-1D9A1BBB4791}"
EndProject
Project("{FAE04EC0-301F-11D3-BF4B-00C04F79EFBC}") = "CashFlow.Api", "src\CashFlow.Api\CashFlow.Api.csproj", "{80046F57-9B40-471E-B82C-7084D7C44C6C}"
EndProject
Project("{FAE04EC0-301F-11D3-BF4B-00C04F79EFBC}") = "CashFlow.Domain", "src\CashFlow.Domain\CashFlow.Domain.csproj", "{24FB4BE5-9CB3-4794-BC9C-2104E76C440F}"
EndProject
Project("{FAE04EC0-301F-11D3-BF4B-00C04F79EFBC}") = "CashFlow.Application", "src\CasshFlow.Application\CashFlow.Application.csproj", "{4EE4A85F-53FB-4B06-BBBE-E8DCA7801CCC}"
EndProject
Project("{FAE04EC0-301F-11D3-BF4B-00C04F79EFBC}") = "CashFlow.Communication", "src\CashFlow.Communication\CashFlow.Communication.csproj", "{D9741264-9B2F-4D8D-B8C6-0FE0BC3FCDFA}"
EndProject
Project("{FAE04EC0-301F-11D3-BF4B-00C04F79EFBC}") = "CashFlow.Exception", "src\CashFlow.Exception\CashFlow.Exception.csproj", "{BB48DC93-F455-44FD-956F-03FA579EDA29}"
EndProject
Project("{FAE04EC0-301F-11D3-BF4B-00C04F79EFBC}") = "CashFlow.Infrastructure", "src\CashFlow.Infrastructure\CashFlow.Infrastructure.csproj", "{EC90129D-2545-4EC6-9F7C-6E705C7E1588}"
EndProject
Global
	GlobalSection(SolutionConfigurationPlatforms) = preSolution
		Debug|Any CPU = Debug|Any CPU
		Release|Any CPU = Release|Any CPU
	EndGlobalSection
	GlobalSection(ProjectConfigurationPlatforms) = postSolution
		{80046F57-9B40-471E-B82C-7084D7C44C6C}.Debug|Any CPU.ActiveCfg = Debug|Any CPU
		{80046F57-9B40-471E-B82C-7084D7C44C6C}.Debug|Any CPU.Build.0 = Debug|Any CPU
		{80046F57-9B40-471E-B82C-7084D7C44C6C}.Release|Any CPU.ActiveCfg = Release|Any CPU
		{80046F57-9B40-471E-B82C-7084D7C44C6C}.Release|Any CPU.Build.0 = Release|Any CPU
		{24FB4BE5-9CB3-4794-BC9C-2104E76C440F}.Debug|Any CPU.ActiveCfg = Debug|Any CPU
		{24FB4BE5-9CB3-4794-BC9C-2104E76C440F}.Debug|Any CPU.Build.0 = Debug|Any CPU
		{24FB4BE5-9CB3-4794-BC9C-2104E76C440F}.Release|Any CPU.ActiveCfg = Release|Any CPU
		{24FB4BE5-9CB3-4794-BC9C-2104E76C440F}.Release|Any CPU.Build.0 = Release|Any CPU
		{4EE4A85F-53FB-4B06-BBBE-E8DCA7801CCC}.Debug|Any CPU.ActiveCfg = Debug|Any CPU
		{4EE4A85F-53FB-4B06-BBBE-E8DCA7801CCC}.Debug|Any CPU.Build.0 = Debug|Any CPU
		{4EE4A85F-53FB-4B06-BBBE-E8DCA7801CCC}.Release|Any CPU.ActiveCfg = Release|Any CPU
		{4EE4A85F-53FB-4B06-BBBE-E8DCA7801CCC}.Release|Any CPU.Build.0 = Release|Any CPU
		{D9741264-9B2F-4D8D-B8C6-0FE0BC3FCDFA}.Debug|Any CPU.ActiveCfg = Debug|Any CPU
		{D9741264-9B2F-4D8D-B8C6-0FE0BC3FCDFA}.Debug|Any CPU.Build.0 = Debug|Any CPU
		{D9741264-9B2F-4D8D-B8C6-0FE0BC3FCDFA}.Release|Any CPU.ActiveCfg = Release|Any CPU
		{D9741264-9B2F-4D8D-B8C6-0FE0BC3FCDFA}.Release|Any CPU.Build.0 = Release|Any CPU
		{BB48DC93-F455-44FD-956F-03FA579EDA29}.Debug|Any CPU.ActiveCfg = Debug|Any CPU
		{BB48DC93-F455-44FD-956F-03FA579EDA29}.Debug|Any CPU.Build.0 = Debug|Any CPU
		{BB48DC93-F455-44FD-956F-03FA579EDA29}.Release|Any CPU.ActiveCfg = Release|Any CPU
		{BB48DC93-F455-44FD-956F-03FA579EDA29}.Release|Any CPU.Build.0 = Release|Any CPU
		{EC90129D-2545-4EC6-9F7C-6E705C7E1588}.Debug|Any CPU.ActiveCfg = Debug|Any CPU
		{EC90129D-2545-4EC6-9F7C-6E705C7E1588}.Debug|Any CPU.Build.0 = Debug|Any CPU
		{EC90129D-2545-4EC6-9F7C-6E705C7E1588}.Release|Any CPU.ActiveCfg = Release|Any CPU
		{EC90129D-2545-4EC6-9F7C-6E705C7E1588}.Release|Any CPU.Build.0 = Release|Any CPU
	EndGlobalSection
	GlobalSection(SolutionProperties) = preSolution
		HideSolutionNode = FALSE
	EndGlobalSection
	GlobalSection(NestedProjects) = preSolution
		{80046F57-9B40-471E-B82C-7084D7C44C6C} = {FC769FFD-A214-4742-8C8E-338CD986CBB4}
		{24FB4BE5-9CB3-4794-BC9C-2104E76C440F} = {FC769FFD-A214-4742-8C8E-338CD986CBB4}
		{4EE4A85F-53FB-4B06-BBBE-E8DCA7801CCC} = {FC769FFD-A214-4742-8C8E-338CD986CBB4}
		{D9741264-9B2F-4D8D-B8C6-0FE0BC3FCDFA} = {FC769FFD-A214-4742-8C8E-338CD986CBB4}
		{BB48DC93-F455-44FD-956F-03FA579EDA29} = {FC769FFD-A214-4742-8C8E-338CD986CBB4}
		{EC90129D-2545-4EC6-9F7C-6E705C7E1588} = {FC769FFD-A214-4742-8C8E-338CD986CBB4}
	EndGlobalSection
	GlobalSection(ExtensibilityGlobals) = postSolution
		SolutionGuid = {F43A5A4B-CF9C-488B-BA82-0162FF7D2649}
	EndGlobalSection
EndGlobal
